// !$*UTF8*$!
{
	archiveVersion = 1;
	classes = {
	};
	objectVersion = 46;
	objects = {

/* Begin PBXBuildFile section */
		6B9267251DCDA3ED00F53D75 /* AppDelegate.swift in Sources */ = {isa = PBXBuildFile; fileRef = 6B9267241DCDA3ED00F53D75 /* AppDelegate.swift */; };
		6B9267271DCDA3ED00F53D75 /* ViewController.swift in Sources */ = {isa = PBXBuildFile; fileRef = 6B9267261DCDA3ED00F53D75 /* ViewController.swift */; };
		6B92672A1DCDA3ED00F53D75 /* Main.storyboard in Resources */ = {isa = PBXBuildFile; fileRef = 6B9267281DCDA3ED00F53D75 /* Main.storyboard */; };
		6B92672C1DCDA3ED00F53D75 /* Assets.xcassets in Resources */ = {isa = PBXBuildFile; fileRef = 6B92672B1DCDA3ED00F53D75 /* Assets.xcassets */; };
		6B92672F1DCDA3ED00F53D75 /* LaunchScreen.storyboard in Resources */ = {isa = PBXBuildFile; fileRef = 6B92672D1DCDA3ED00F53D75 /* LaunchScreen.storyboard */; };
/* End PBXBuildFile section */

/* Begin PBXFileReference section */
		6B9267211DCDA3ED00F53D75 /* Fitnasty2.app */ = {isa = PBXFileReference; explicitFileType = wrapper.application; includeInIndex = 0; path = Fitnasty2.app; sourceTree = BUILT_PRODUCTS_DIR; };
		6B9267241DCDA3ED00F53D75 /* AppDelegate.swift */ = {isa = PBXFileReference; lastKnownFileType = sourcecode.swift; path = AppDelegate.swift; sourceTree = "<group>"; };
		6B9267261DCDA3ED00F53D75 /* ViewController.swift */ = {isa = PBXFileReference; lastKnownFileType = sourcecode.swift; path = ViewController.swift; sourceTree = "<group>"; };
		6B9267291DCDA3ED00F53D75 /* Base */ = {isa = PBXFileReference; lastKnownFileType = file.storyboard; name = Base; path = Base.lproj/Main.storyboard; sourceTree = "<group>"; };
		6B92672B1DCDA3ED00F53D75 /* Assets.xcassets */ = {isa = PBXFileReference; lastKnownFileType = folder.assetcatalog; path = Assets.xcassets; sourceTree = "<group>"; };
		6B92672E1DCDA3ED00F53D75 /* Base */ = {isa = PBXFileReference; lastKnownFileType = file.storyboard; name = Base; path = Base.lproj/LaunchScreen.storyboard; sourceTree = "<group>"; };
		6B9267301DCDA3ED00F53D75 /* Info.plist */ = {isa = PBXFileReference; lastKnownFileType = text.plist.xml; path = Info.plist; sourceTree = "<group>"; };
/* End PBXFileReference section */

/* Begin PBXFrameworksBuildPhase section */
		6B92671E1DCDA3ED00F53D75 /* Frameworks */ = {
			isa = PBXFrameworksBuildPhase;
			buildActionMask = 2147483647;
			files = (
			);
			runOnlyForDeploymentPostprocessing = 0;
		};
/* End PBXFrameworksBuildPhase section */

/* Begin PBXGroup section */
		6B9267181DCDA3ED00F53D75 = {
			isa = PBXGroup;
			children = (
				6B9267231DCDA3ED00F53D75 /* Fitnasty2 */,
				6B9267221DCDA3ED00F53D75 /* Products */,
			);
			sourceTree = "<group>";
		};
		6B9267221DCDA3ED00F53D75 /* Products */ = {
			isa = PBXGroup;
			children = (
				6B9267211DCDA3ED00F53D75 /* Fitnasty2.app */,
			);
			name = Products;
			sourceTree = "<group>";
		};
		6B9267231DCDA3ED00F53D75 /* Fitnasty2 */ = {
			isa = PBXGroup;
			children = (
				6B9267241DCDA3ED00F53D75 /* AppDelegate.swift */,
				6B9267261DCDA3ED00F53D75 /* ViewController.swift */,
				6B9267281DCDA3ED00F53D75 /* Main.storyboard */,
				6B92672B1DCDA3ED00F53D75 /* Assets.xcassets */,
				6B92672D1DCDA3ED00F53D75 /* LaunchScreen.storyboard */,
				6B9267301DCDA3ED00F53D75 /* Info.plist */,
			);
			path = Fitnasty2;
			sourceTree = "<group>";
		};
/* End PBXGroup section */

/* Begin PBXNativeTarget section */
		6B9267201DCDA3ED00F53D75 /* Fitnasty2 */ = {
			isa = PBXNativeTarget;
			buildConfigurationList = 6B9267331DCDA3ED00F53D75 /* Build configuration list for PBXNativeTarget "Fitnasty2" */;
			buildPhases = (
				6B92671D1DCDA3ED00F53D75 /* Sources */,
				6B92671E1DCDA3ED00F53D75 /* Frameworks */,
				6B92671F1DCDA3ED00F53D75 /* Resources */,
			);
			buildRules = (
			);
			dependencies = (
			);
			name = Fitnasty2;
			productName = Fitnasty2;
			productReference = 6B9267211DCDA3ED00F53D75 /* Fitnasty2.app */;
			productType = "com.apple.product-type.application";
		};
/* End PBXNativeTarget section */

/* Begin PBXProject section */
		6B9267191DCDA3ED00F53D75 /* Project object */ = {
			isa = PBXProject;
			attributes = {
				LastSwiftUpdateCheck = 0810;
				LastUpgradeCheck = 0810;
				ORGANIZATIONNAME = "Rodny Perez";
				TargetAttributes = {
					6B9267201DCDA3ED00F53D75 = {
						CreatedOnToolsVersion = 8.1;
						DevelopmentTeam = 89VUB5865G;
						ProvisioningStyle = Automatic;
					};
				};
			};
			buildConfigurationList = 6B92671C1DCDA3ED00F53D75 /* Build configuration list for PBXProject "Fitnasty2" */;
			compatibilityVersion = "Xcode 3.2";
			developmentRegion = English;
			hasScannedForEncodings = 0;
			knownRegions = (
				en,
				Base,
			);
			mainGroup = 6B9267181DCDA3ED00F53D75;
			productRefGroup = 6B9267221DCDA3ED00F53D75 /* Products */;
			projectDirPath = "";
			projectRoot = "";
			targets = (
				6B9267201DCDA3ED00F53D75 /* Fitnasty2 */,
			);
		};
/* End PBXProject section */

/* Begin PBXResourcesBuildPhase section */
		6B92671F1DCDA3ED00F53D75 /* Resources */ = {
			isa = PBXResourcesBuildPhase;
			buildActionMask = 2147483647;
			files = (
				6B92672F1DCDA3ED00F53D75 /* LaunchScreen.storyboard in Resources */,
				6B92672C1DCDA3ED00F53D75 /* Assets.xcassets in Resources */,
				6B92672A1DCDA3ED00F53D75 /* Main.storyboard in Resources */,
			);
			runOnlyForDeploymentPostprocessing = 0;
		};
/* End PBXResourcesBuildPhase section */

/* Begin PBXSourcesBuildPhase section */
		6B92671D1DCDA3ED00F53D75 /* Sources */ = {
			isa = PBXSourcesBuildPhase;
			buildActionMask = 2147483647;
			files = (
				6B9267271DCDA3ED00F53D75 /* ViewController.swift in Sources */,
				6B9267251DCDA3ED00F53D75 /* AppDelegate.swift in Sources */,
			);
			runOnlyForDeploymentPostprocessing = 0;
		};
/* End PBXSourcesBuildPhase section */

/* Begin PBXVariantGroup section */
		6B9267281DCDA3ED00F53D75 /* Main.storyboard */ = {
			isa = PBXVariantGroup;
			children = (
				6B9267291DCDA3ED00F53D75 /* Base */,
			);
			name = Main.storyboard;
			sourceTree = "<group>";
		};
		6B92672D1DCDA3ED00F53D75 /* LaunchScreen.storyboard */ = {
			isa = PBXVariantGroup;
			children = (
				6B92672E1DCDA3ED00F53D75 /* Base */,
			);
			name = LaunchScreen.storyboard;
			sourceTree = "<group>";
		};
/* End PBXVariantGroup section */

/* Begin XCBuildConfiguration section */
		6B9267311DCDA3ED00F53D75 /* Debug */ = {
			isa = XCBuildConfiguration;
			buildSettings = {
				ALWAYS_SEARCH_USER_PATHS = NO;
				CLANG_ANALYZER_NONNULL = YES;
				CLANG_CXX_LANGUAGE_STANDARD = "gnu++0x";
				CLANG_CXX_LIBRARY = "libc++";
				CLANG_ENABLE_MODULES = YES;
				CLANG_ENABLE_OBJC_ARC = YES;
				CLANG_WARN_BOOL_CONVERSION = YES;
				CLANG_WARN_CONSTANT_CONVERSION = YES;
				CLANG_WARN_DIRECT_OBJC_ISA_USAGE = YES_ERROR;
				CLANG_WARN_DOCUMENTATION_COMMENTS = YES;
				CLANG_WARN_EMPTY_BODY = YES;
				CLANG_WARN_ENUM_CONVERSION = YES;
				CLANG_WARN_INFINITE_RECURSION = YES;
				CLANG_WARN_INT_CONVERSION = YES;
				CLANG_WARN_OBJC_ROOT_CLASS = YES_ERROR;
				CLANG_WARN_SUSPICIOUS_MOVES = YES;
				CLANG_WARN_UNREACHABLE_CODE = YES;
				CLANG_WARN__DUPLICATE_METHOD_MATCH = YES;
				"CODE_SIGN_IDENTITY[sdk=iphoneos*]" = "iPhone Developer";
				COPY_PHASE_STRIP = NO;
				DEBUG_INFORMATION_FORMAT = dwarf;
				ENABLE_STRICT_OBJC_MSGSEND = YES;
				ENABLE_TESTABILITY = YES;
				GCC_C_LANGUAGE_STANDARD = gnu99;
				GCC_DYNAMIC_NO_PIC = NO;
				GCC_NO_COMMON_BLOCKS = YES;
				GCC_OPTIMIZATION_LEVEL = 0;
				GCC_PREPROCESSOR_DEFINITIONS = (
					"DEBUG=1",
					"$(inherited)",
				);
				GCC_WARN_64_TO_32_BIT_CONVERSION = YES;
				GCC_WARN_ABOUT_RETURN_TYPE = YES_ERROR;
				GCC_WARN_UNDECLARED_SELECTOR = YES;
				GCC_WARN_UNINITIALIZED_AUTOS = YES_AGGRESSIVE;
				GCC_WARN_UNUSED_FUNCTION = YES;
				GCC_WARN_UNUSED_VARIABLE = YES;
				IPHONEOS_DEPLOYMENT_TARGET = 10.1;
				MTL_ENABLE_DEBUG_INFO = YES;
				ONLY_ACTIVE_ARCH = YES;
				SDKROOT = iphoneos;
				SWIFT_ACTIVE_COMPILATION_CONDITIONS = DEBUG;
				SWIFT_OPTIMIZATION_LEVEL = "-Onone";
			};
			name = Debug;
		};
		6B9267321DCDA3ED00F53D75 /* Release */ = {
			isa = XCBuildConfiguration;
			buildSettings = {
				ALWAYS_SEARCH_USER_PATHS = NO;
				CLANG_ANALYZER_NONNULL = YES;
				CLANG_CXX_LANGUAGE_STANDARD = "gnu++0x";
				CLANG_CXX_LIBRARY = "libc++";
				CLANG_ENABLE_MODULES = YES;
				CLANG_ENABLE_OBJC_ARC = YES;
				CLANG_WARN_BOOL_CONVERSION = YES;
				CLANG_WARN_CONSTANT_CONVERSION = YES;
				CLANG_WARN_DIRECT_OBJC_ISA_USAGE = YES_ERROR;
				CLANG_WARN_DOCUMENTATION_COMMENTS = YES;
				CLANG_WARN_EMPTY_BODY = YES;
				CLANG_WARN_ENUM_CONVERSION = YES;
				CLANG_WARN_INFINITE_RECURSION = YES;
				CLANG_WARN_INT_CONVERSION = YES;
				CLANG_WARN_OBJC_ROOT_CLASS = YES_ERROR;
				CLANG_WARN_SUSPICIOUS_MOVES = YES;
				CLANG_WARN_UNREACHABLE_CODE = YES;
				CLANG_WARN__DUPLICATE_METHOD_MATCH = YES;
				"CODE_SIGN_IDENTITY[sdk=iphoneos*]" = "iPhone Developer";
				COPY_PHASE_STRIP = NO;
				DEBUG_INFORMATION_FORMAT = "dwarf-with-dsym";
				ENABLE_NS_ASSERTIONS = NO;
				ENABLE_STRICT_OBJC_MSGSEND = YES;
				GCC_C_LANGUAGE_STANDARD = gnu99;
				GCC_NO_COMMON_BLOCKS = YES;
				GCC_WARN_64_TO_32_BIT_CONVERSION = YES;
				GCC_WARN_ABOUT_RETURN_TYPE = YES_ERROR;
				GCC_WARN_UNDECLARED_SELECTOR = YES;
				GCC_WARN_UNINITIALIZED_AUTOS = YES_AGGRESSIVE;
				GCC_WARN_UNUSED_FUNCTION = YES;
				GCC_WARN_UNUSED_VARIABLE = YES;
				IPHONEOS_DEPLOYMENT_TARGET = 10.1;
				MTL_ENABLE_DEBUG_INFO = NO;
				SDKROOT = iphoneos;
				SWIFT_OPTIMIZATION_LEVEL = "-Owholemodule";
				VALIDATE_PRODUCT = YES;
			};
			name = Release;
		};
		6B9267341DCDA3ED00F53D75 /* Debug */ = {
			isa = XCBuildConfiguration;
			buildSettings = {
				ASSETCATALOG_COMPILER_APPICON_NAME = AppIcon;
				DEVELOPMENT_TEAM = 89VUB5865G;
				INFOPLIST_FILE = Fitnasty2/Info.plist;
				LD_RUNPATH_SEARCH_PATHS = "$(inherited) @executable_path/Frameworks";
				PRODUCT_BUNDLE_IDENTIFIER = com.rodnyperez.Fitnasty2;
				PRODUCT_NAME = "$(TARGET_NAME)";
				SWIFT_VERSION = 3.0;
			};
			name = Debug;
		};
		6B9267351DCDA3ED00F53D75 /* Release */ = {
			isa = XCBuildConfiguration;
			buildSettings = {
				ASSETCATALOG_COMPILER_APPICON_NAME = AppIcon;
				DEVELOPMENT_TEAM = 89VUB5865G;
				INFOPLIST_FILE = Fitnasty2/Info.plist;
				LD_RUNPATH_SEARCH_PATHS = "$(inherited) @executable_path/Frameworks";
				PRODUCT_BUNDLE_IDENTIFIER = com.rodnyperez.Fitnasty2;
				PRODUCT_NAME = "$(TARGET_NAME)";
				SWIFT_VERSION = 3.0;
			};
			name = Release;
		};
/* End XCBuildConfiguration section */

/* Begin XCConfigurationList section */
		6B92671C1DCDA3ED00F53D75 /* Build configuration list for PBXProject "Fitnasty2" */ = {
			isa = XCConfigurationList;
			buildConfigurations = (
				6B9267311DCDA3ED00F53D75 /* Debug */,
				6B9267321DCDA3ED00F53D75 /* Release */,
			);
			defaultConfigurationIsVisible = 0;
			defaultConfigurationName = Release;
		};
		6B9267331DCDA3ED00F53D75 /* Build configuration list for PBXNativeTarget "Fitnasty2" */ = {
			isa = XCConfigurationList;
			buildConfigurations = (
				6B9267341DCDA3ED00F53D75 /* Debug */,
				6B9267351DCDA3ED00F53D75 /* Release */,
			);
			defaultConfigurationIsVisible = 0;
		};
/* End XCConfigurationList section */
	};
	rootObject = 6B9267191DCDA3ED00F53D75 /* Project object */;
}
